
Microsoft Visual Studio Solution File, Format Version 12.00
# Visual Studio Version 16
VisualStudioVersion = 16.0.31911.196
MinimumVisualStudioVersion = 10.0.40219.1
Project("{FAE04EC0-301F-11D3-BF4B-00C04F79EFBC}") = "Pruefung_CristinaNichita.Android", "Pruefung_CristinaNichita.Android\Pruefung_CristinaNichita.Android.csproj", "{E4909390-3EAF-48F5-A66C-7E5D96650157}"
EndProject
Project("{FAE04EC0-301F-11D3-BF4B-00C04F79EFBC}") = "Pruefung_CristinaNichita", "Pruefung_CristinaNichita\Pruefung_CristinaNichita.csproj", "{DCDA79A0-F004-4BBD-AA8D-3D47DF6B80D2}"
EndProject
Global
	GlobalSection(SolutionConfigurationPlatforms) = preSolution
		Debug|Any CPU = Debug|Any CPU
		Release|Any CPU = Release|Any CPU
	EndGlobalSection
	GlobalSection(ProjectConfigurationPlatforms) = postSolution
		{E4909390-3EAF-48F5-A66C-7E5D96650157}.Debug|Any CPU.ActiveCfg = Debug|Any CPU
		{E4909390-3EAF-48F5-A66C-7E5D96650157}.Debug|Any CPU.Build.0 = Debug|Any CPU
		{E4909390-3EAF-48F5-A66C-7E5D96650157}.Debug|Any CPU.Deploy.0 = Debug|Any CPU
		{E4909390-3EAF-48F5-A66C-7E5D96650157}.Release|Any CPU.ActiveCfg = Release|Any CPU
		{E4909390-3EAF-48F5-A66C-7E5D96650157}.Release|Any CPU.Build.0 = Release|Any CPU
		{E4909390-3EAF-48F5-A66C-7E5D96650157}.Release|Any CPU.Deploy.0 = Release|Any CPU
		{DCDA79A0-F004-4BBD-AA8D-3D47DF6B80D2}.Debug|Any CPU.ActiveCfg = Debug|Any CPU
		{DCDA79A0-F004-4BBD-AA8D-3D47DF6B80D2}.Debug|Any CPU.Build.0 = Debug|Any CPU
		{DCDA79A0-F004-4BBD-AA8D-3D47DF6B80D2}.Debug|Any CPU.Deploy.0 = Debug|Any CPU
		{DCDA79A0-F004-4BBD-AA8D-3D47DF6B80D2}.Release|Any CPU.ActiveCfg = Release|Any CPU
		{DCDA79A0-F004-4BBD-AA8D-3D47DF6B80D2}.Release|Any CPU.Build.0 = Release|Any CPU
		{DCDA79A0-F004-4BBD-AA8D-3D47DF6B80D2}.Release|Any CPU.Deploy.0 = Release|Any CPU
	EndGlobalSection
	GlobalSection(SolutionProperties) = preSolution
		HideSolutionNode = FALSE
	EndGlobalSection
	GlobalSection(ExtensibilityGlobals) = postSolution
		SolutionGuid = {4ECFD870-E668-43D6-9D1A-DE02EBB1CC07}
	EndGlobalSection
EndGlobal
